
Microsoft Visual Studio Solution File, Format Version 12.00
# Visual Studio Version 16
VisualStudioVersion = 16.0.29613.14
MinimumVisualStudioVersion = 10.0.40219.1
Project("{9A19103F-16F7-4668-BE54-9A1E7A4F7556}") = "RedisExample.Api", "RedisExample.Api\RedisExample.Api.csproj", "{DFB6C90B-0AD0-48F2-9DE2-A2DD04DCB9FB}"
EndProject
Project("{FAE04EC0-301F-11D3-BF4B-00C04F79EFBC}") = "RedisExample.Cache", "RedisExample.Cache\RedisExample.Cache.csproj", "{5D84668B-BF83-4BB7-B8F6-D8400C84077F}"
EndProject
Global
	GlobalSection(SolutionConfigurationPlatforms) = preSolution
		Debug|Any CPU = Debug|Any CPU
		Release|Any CPU = Release|Any CPU
	EndGlobalSection
	GlobalSection(ProjectConfigurationPlatforms) = postSolution
		{DFB6C90B-0AD0-48F2-9DE2-A2DD04DCB9FB}.Debug|Any CPU.ActiveCfg = Debug|Any CPU
		{DFB6C90B-0AD0-48F2-9DE2-A2DD04DCB9FB}.Debug|Any CPU.Build.0 = Debug|Any CPU
		{DFB6C90B-0AD0-48F2-9DE2-A2DD04DCB9FB}.Release|Any CPU.ActiveCfg = Release|Any CPU
		{DFB6C90B-0AD0-48F2-9DE2-A2DD04DCB9FB}.Release|Any CPU.Build.0 = Release|Any CPU
		{5D84668B-BF83-4BB7-B8F6-D8400C84077F}.Debug|Any CPU.ActiveCfg = Debug|Any CPU
		{5D84668B-BF83-4BB7-B8F6-D8400C84077F}.Debug|Any CPU.Build.0 = Debug|Any CPU
		{5D84668B-BF83-4BB7-B8F6-D8400C84077F}.Release|Any CPU.ActiveCfg = Release|Any CPU
		{5D84668B-BF83-4BB7-B8F6-D8400C84077F}.Release|Any CPU.Build.0 = Release|Any CPU
	EndGlobalSection
	GlobalSection(SolutionProperties) = preSolution
		HideSolutionNode = FALSE
	EndGlobalSection
	GlobalSection(ExtensibilityGlobals) = postSolution
		SolutionGuid = {F3F83E0E-5854-48C0-8FEE-F010ABCC988D}
	EndGlobalSection
EndGlobal
